Microsoft Visual Studio Solution File, Format Version 11.00
# Visual Studio 2008

Project("{24CB02BD-AA97-ACAE-ACA4-B8B8A61DCBB1}") = "Guardians", "Assembly-CSharp.csproj", "{4E41A396-0ACE-D616-7707-7F4AAFBAF636}"
EndProject
Global
	GlobalSection(SolutionConfigurationPlatforms) = preSolution
		Debug|Any CPU = Debug|Any CPU
		Release|Any CPU = Release|Any CPU
	EndGlobalSection
	GlobalSection(ProjectConfigurationPlatforms) = postSolution
		{4E41A396-0ACE-D616-7707-7F4AAFBAF636}.Debug|Any CPU.ActiveCfg = Debug|Any CPU
		{4E41A396-0ACE-D616-7707-7F4AAFBAF636}.Debug|Any CPU.Build.0 = Debug|Any CPU
		{4E41A396-0ACE-D616-7707-7F4AAFBAF636}.Release|Any CPU.ActiveCfg = Release|Any CPU
		{4E41A396-0ACE-D616-7707-7F4AAFBAF636}.Release|Any CPU.Build.0 = Release|Any CPU
	EndGlobalSection
	GlobalSection(SolutionProperties) = preSolution
		HideSolutionNode = FALSE
	EndGlobalSection
	GlobalSection(MonoDevelopProperties) = preSolution
		StartupItem = Assembly-CSharp.csproj
	EndGlobalSection
EndGlobal
